
Microsoft Visual Studio Solution File, Format Version 12.00
# Visual Studio Version 17
VisualStudioVersion = 17.14.36109.1 d17.14
MinimumVisualStudioVersion = 10.0.40219.1
Project("{FAE04EC0-301F-11D3-BF4B-00C04F79EFBC}") = "Kutyamenhely", "Kutyamenhely.csproj", "{D91BF183-F50F-4BA9-8D37-D89571CD666C}"
EndProject
Global
	GlobalSection(SolutionConfigurationPlatforms) = preSolution
		Debug|Any CPU = Debug|Any CPU
		Release|Any CPU = Release|Any CPU
	EndGlobalSection
	GlobalSection(ProjectConfigurationPlatforms) = postSolution
		{D91BF183-F50F-4BA9-8D37-D89571CD666C}.Debug|Any CPU.ActiveCfg = Debug|Any CPU
		{D91BF183-F50F-4BA9-8D37-D89571CD666C}.Debug|Any CPU.Build.0 = Debug|Any CPU
		{D91BF183-F50F-4BA9-8D37-D89571CD666C}.Release|Any CPU.ActiveCfg = Release|Any CPU
		{D91BF183-F50F-4BA9-8D37-D89571CD666C}.Release|Any CPU.Build.0 = Release|Any CPU
	EndGlobalSection
	GlobalSection(SolutionProperties) = preSolution
		HideSolutionNode = FALSE
	EndGlobalSection
	GlobalSection(ExtensibilityGlobals) = postSolution
		SolutionGuid = {5A061FFF-DAF1-49AD-918E-F9CD4229D93B}
	EndGlobalSection
EndGlobal
